
Microsoft Visual Studio Solution File, Format Version 12.00
# Visual Studio Version 17
VisualStudioVersion = 17.14.36811.4 d17.14
MinimumVisualStudioVersion = 10.0.40219.1
Project("{FAE04EC0-301F-11D3-BF4B-00C04F79EFBC}") = "Banking application  using exception handling", "Banking application  using exception handling.csproj", "{235B9E7B-88F4-4DCB-9ED0-CE6886D49253}"
EndProject
Global
	GlobalSection(SolutionConfigurationPlatforms) = preSolution
		Debug|Any CPU = Debug|Any CPU
		Release|Any CPU = Release|Any CPU
	EndGlobalSection
	GlobalSection(ProjectConfigurationPlatforms) = postSolution
		{235B9E7B-88F4-4DCB-9ED0-CE6886D49253}.Debug|Any CPU.ActiveCfg = Debug|Any CPU
		{235B9E7B-88F4-4DCB-9ED0-CE6886D49253}.Debug|Any CPU.Build.0 = Debug|Any CPU
		{235B9E7B-88F4-4DCB-9ED0-CE6886D49253}.Release|Any CPU.ActiveCfg = Release|Any CPU
		{235B9E7B-88F4-4DCB-9ED0-CE6886D49253}.Release|Any CPU.Build.0 = Release|Any CPU
	EndGlobalSection
	GlobalSection(SolutionProperties) = preSolution
		HideSolutionNode = FALSE
	EndGlobalSection
	GlobalSection(ExtensibilityGlobals) = postSolution
		SolutionGuid = {131E9372-E907-4654-96AB-FCA7EBBD41A4}
	EndGlobalSection
EndGlobal
