
Microsoft Visual Studio Solution File, Format Version 12.00
# Visual Studio Version 17
VisualStudioVersion = 17.14.36811.4 d17.14
MinimumVisualStudioVersion = 10.0.40219.1
Project("{FAE04EC0-301F-11D3-BF4B-00C04F79EFBC}") = "Exception Handling", "Exception Handling.csproj", "{90188BD7-2754-43BA-AD0F-AFD9A6C625B3}"
EndProject
Global
	GlobalSection(SolutionConfigurationPlatforms) = preSolution
		Debug|Any CPU = Debug|Any CPU
		Release|Any CPU = Release|Any CPU
	EndGlobalSection
	GlobalSection(ProjectConfigurationPlatforms) = postSolution
		{90188BD7-2754-43BA-AD0F-AFD9A6C625B3}.Debug|Any CPU.ActiveCfg = Debug|Any CPU
		{90188BD7-2754-43BA-AD0F-AFD9A6C625B3}.Debug|Any CPU.Build.0 = Debug|Any CPU
		{90188BD7-2754-43BA-AD0F-AFD9A6C625B3}.Release|Any CPU.ActiveCfg = Release|Any CPU
		{90188BD7-2754-43BA-AD0F-AFD9A6C625B3}.Release|Any CPU.Build.0 = Release|Any CPU
	EndGlobalSection
	GlobalSection(SolutionProperties) = preSolution
		HideSolutionNode = FALSE
	EndGlobalSection
	GlobalSection(ExtensibilityGlobals) = postSolution
		SolutionGuid = {F9348936-303E-4AAD-8176-333490A252C3}
	EndGlobalSection
EndGlobal
